
Microsoft Visual Studio Solution File, Format Version 12.00
# Visual Studio 15
VisualStudioVersion = 15.0.27004.2006
MinimumVisualStudioVersion = 10.0.40219.1
Project("{9A19103F-16F7-4668-BE54-9A1E7A4F7556}") = "WebNode", "WebNode\WebNode.csproj", "{BCC89DD5-F6C6-4902-8E26-A4E4DE3366DE}"
EndProject
Project("{9A19103F-16F7-4668-BE54-9A1E7A4F7556}") = "ClusterSeedNodeTwo", "ClusterSeedNodeTwo\ClusterSeedNodeTwo.csproj", "{99A08CCA-22D0-4999-979F-B7B392F8FBAC}"
EndProject
Project("{9A19103F-16F7-4668-BE54-9A1E7A4F7556}") = "ClusterSeedNodeOne", "ClusterSeedNodeOne\ClusterSeedNodeOne.csproj", "{81108B06-A097-4528-96D8-D817C30F7225}"
EndProject
Global
	GlobalSection(SolutionConfigurationPlatforms) = preSolution
		Debug|Any CPU = Debug|Any CPU
		Release|Any CPU = Release|Any CPU
	EndGlobalSection
	GlobalSection(ProjectConfigurationPlatforms) = postSolution
		{BCC89DD5-F6C6-4902-8E26-A4E4DE3366DE}.Debug|Any CPU.ActiveCfg = Debug|Any CPU
		{BCC89DD5-F6C6-4902-8E26-A4E4DE3366DE}.Debug|Any CPU.Build.0 = Debug|Any CPU
		{BCC89DD5-F6C6-4902-8E26-A4E4DE3366DE}.Release|Any CPU.ActiveCfg = Release|Any CPU
		{BCC89DD5-F6C6-4902-8E26-A4E4DE3366DE}.Release|Any CPU.Build.0 = Release|Any CPU
		{99A08CCA-22D0-4999-979F-B7B392F8FBAC}.Debug|Any CPU.ActiveCfg = Debug|Any CPU
		{99A08CCA-22D0-4999-979F-B7B392F8FBAC}.Debug|Any CPU.Build.0 = Debug|Any CPU
		{99A08CCA-22D0-4999-979F-B7B392F8FBAC}.Release|Any CPU.ActiveCfg = Release|Any CPU
		{99A08CCA-22D0-4999-979F-B7B392F8FBAC}.Release|Any CPU.Build.0 = Release|Any CPU
		{81108B06-A097-4528-96D8-D817C30F7225}.Debug|Any CPU.ActiveCfg = Debug|Any CPU
		{81108B06-A097-4528-96D8-D817C30F7225}.Debug|Any CPU.Build.0 = Debug|Any CPU
		{81108B06-A097-4528-96D8-D817C30F7225}.Release|Any CPU.ActiveCfg = Release|Any CPU
		{81108B06-A097-4528-96D8-D817C30F7225}.Release|Any CPU.Build.0 = Release|Any CPU
	EndGlobalSection
	GlobalSection(SolutionProperties) = preSolution
		HideSolutionNode = FALSE
	EndGlobalSection
	GlobalSection(ExtensibilityGlobals) = postSolution
		SolutionGuid = {ABA8887C-BF0C-4862-86C2-E873FDE0FA11}
	EndGlobalSection
EndGlobal
